{
  "name": "Liribot1.0",
  "version": "1.0.0",
  "lockfileVersion": 1,
  "requires": true,
  "dependencies": {
    "fs": {
      "version": "0.0.2",
      "resolved": "https://registry.npmjs.org/fs/-/fs-0.0.2.tgz",
      "integrity": "sha1-4fJE7zkzwbKmS9R5kTYGDQ9ZFPg="
    },
    "nthline": {
      "version": "1.0.1",
      "resolved": "https://registry.npmjs.org/nthline/-/nthline-1.0.1.tgz",
      "integrity": "sha1-I8bTqf1HmvOHtjP7KDK1NSpacOw="
    },
    "readline-specific": {
      "version": "1.0.4",
      "resolved": "https://registry.npmjs.org/readline-specific/-/readline-specific-1.0.4.tgz",
      "integrity": "sha1-lLSgBMC4yPL/mE6KA7xMzPvwDUw=",
      "requires": {
        "fs": "0.0.2"
      }
    }
  }
}
